
Microsoft Visual Studio Solution File, Format Version 12.00
# Visual Studio Version 17
VisualStudioVersion = 17.7.34221.43
MinimumVisualStudioVersion = 10.0.40219.1
Project("{FAE04EC0-301F-11D3-BF4B-00C04F79EFBC}") = "CookiesApp", "CookiesApp\CookiesApp.csproj", "{99928E40-832C-49F7-A742-786CBA4FC27B}"
EndProject
Global
	GlobalSection(SolutionConfigurationPlatforms) = preSolution
		Debug|Any CPU = Debug|Any CPU
		Release|Any CPU = Release|Any CPU
	EndGlobalSection
	GlobalSection(ProjectConfigurationPlatforms) = postSolution
		{99928E40-832C-49F7-A742-786CBA4FC27B}.Debug|Any CPU.ActiveCfg = Debug|Any CPU
		{99928E40-832C-49F7-A742-786CBA4FC27B}.Debug|Any CPU.Build.0 = Debug|Any CPU
		{99928E40-832C-49F7-A742-786CBA4FC27B}.Release|Any CPU.ActiveCfg = Release|Any CPU
		{99928E40-832C-49F7-A742-786CBA4FC27B}.Release|Any CPU.Build.0 = Release|Any CPU
	EndGlobalSection
	GlobalSection(SolutionProperties) = preSolution
		HideSolutionNode = FALSE
	EndGlobalSection
	GlobalSection(ExtensibilityGlobals) = postSolution
		SolutionGuid = {20131DB5-F4A4-4052-8248-BB9DB2E7D30B}
	EndGlobalSection
EndGlobal
